
Microsoft Visual Studio Solution File, Format Version 12.00
# Visual Studio 15
VisualStudioVersion = 15.0.27428.2037
MinimumVisualStudioVersion = 10.0.40219.1
Project("{FAE04EC0-301F-11D3-BF4B-00C04F79EFBC}") = "GoogleAPICore", "GoogleAPICore\GoogleAPICore.csproj", "{E98AFBA3-C8DB-4B5F-B598-B3D69B704918}"
EndProject
Global
	GlobalSection(SolutionConfigurationPlatforms) = preSolution
		Debug|Any CPU = Debug|Any CPU
		Release|Any CPU = Release|Any CPU
	EndGlobalSection
	GlobalSection(ProjectConfigurationPlatforms) = postSolution
		{E98AFBA3-C8DB-4B5F-B598-B3D69B704918}.Debug|Any CPU.ActiveCfg = Debug|Any CPU
		{E98AFBA3-C8DB-4B5F-B598-B3D69B704918}.Debug|Any CPU.Build.0 = Debug|Any CPU
		{E98AFBA3-C8DB-4B5F-B598-B3D69B704918}.Release|Any CPU.ActiveCfg = Release|Any CPU
		{E98AFBA3-C8DB-4B5F-B598-B3D69B704918}.Release|Any CPU.Build.0 = Release|Any CPU
	EndGlobalSection
	GlobalSection(SolutionProperties) = preSolution
		HideSolutionNode = FALSE
	EndGlobalSection
	GlobalSection(ExtensibilityGlobals) = postSolution
		SolutionGuid = {E7092ACD-5540-4CA1-9E84-CD9B4B157837}
	EndGlobalSection
EndGlobal
